
Microsoft Visual Studio Solution File, Format Version 12.00
# Visual Studio 14
VisualStudioVersion = 14.0.23107.0
MinimumVisualStudioVersion = 10.0.40219.1
Project("{FAE04EC0-301F-11D3-BF4B-00C04F79EFBC}") = "RemoveRegionCodeRefactoringSample", "RemoveRegionCodeRefactoringSample\RemoveRegionCodeRefactoringSample\RemoveRegionCodeRefactoringSample.csproj", "{D409F501-8143-44A4-B538-CBB085620442}"
EndProject
Project("{FAE04EC0-301F-11D3-BF4B-00C04F79EFBC}") = "RemoveRegionCodeRefactoringSample.Vsix", "RemoveRegionCodeRefactoringSample\RemoveRegionCodeRefactoringSample.Vsix\RemoveRegionCodeRefactoringSample.Vsix.csproj", "{FAAFC621-EE9A-4565-93C0-A3D6A6954A0F}"
EndProject
Project("{FAE04EC0-301F-11D3-BF4B-00C04F79EFBC}") = "RemoveRegionCodeRefactoringSample.Test", "RemoveRegionCodeRefactoringSample\RemoveRegionCodeRefactoringSample.Test\RemoveRegionCodeRefactoringSample.Test.csproj", "{A385A88F-E825-4670-8D18-B6C90E89C563}"
EndProject
Global
	GlobalSection(SolutionConfigurationPlatforms) = preSolution
		Debug|Any CPU = Debug|Any CPU
		Release|Any CPU = Release|Any CPU
	EndGlobalSection
	GlobalSection(ProjectConfigurationPlatforms) = postSolution
		{D409F501-8143-44A4-B538-CBB085620442}.Debug|Any CPU.ActiveCfg = Debug|Any CPU
		{D409F501-8143-44A4-B538-CBB085620442}.Debug|Any CPU.Build.0 = Debug|Any CPU
		{D409F501-8143-44A4-B538-CBB085620442}.Release|Any CPU.ActiveCfg = Release|Any CPU
		{D409F501-8143-44A4-B538-CBB085620442}.Release|Any CPU.Build.0 = Release|Any CPU
		{FAAFC621-EE9A-4565-93C0-A3D6A6954A0F}.Debug|Any CPU.ActiveCfg = Debug|Any CPU
		{FAAFC621-EE9A-4565-93C0-A3D6A6954A0F}.Debug|Any CPU.Build.0 = Debug|Any CPU
		{FAAFC621-EE9A-4565-93C0-A3D6A6954A0F}.Release|Any CPU.ActiveCfg = Release|Any CPU
		{FAAFC621-EE9A-4565-93C0-A3D6A6954A0F}.Release|Any CPU.Build.0 = Release|Any CPU
		{A385A88F-E825-4670-8D18-B6C90E89C563}.Debug|Any CPU.ActiveCfg = Debug|Any CPU
		{A385A88F-E825-4670-8D18-B6C90E89C563}.Debug|Any CPU.Build.0 = Debug|Any CPU
		{A385A88F-E825-4670-8D18-B6C90E89C563}.Release|Any CPU.ActiveCfg = Release|Any CPU
		{A385A88F-E825-4670-8D18-B6C90E89C563}.Release|Any CPU.Build.0 = Release|Any CPU
	EndGlobalSection
	GlobalSection(SolutionProperties) = preSolution
		HideSolutionNode = FALSE
	EndGlobalSection
EndGlobal
